{
  "name": "c57b7c154330a4e3",
  "lockfileVersion": 3,
  "requires": true,
  "packages": {
    "": {
      "dependencies": {
        "block-no-verify": "^1.1.2"
      }
    },
    "node_modules/block-no-verify": {
      "version": "1.1.2",
      "resolved": "https://registry.npmmirror.com/block-no-verify/-/block-no-verify-1.1.2.tgz",
      "integrity": "sha512-fNIAXdvhTW/MwOqOHtede950Iym2T6R6JMETp3zpckO8zUp4JfmESbTwPOteSNpMdrhmyl2Z/Olgxtnb4MgJxA==",
      "license": "MIT",
      "bin": {
        "block-no-verify": "dist/cli.js"
      },
      "engines": {
        "node": ">=20.0.0"
      }
    }
  }
}
